{
  "name": "labs",
  "version": "1.0.0",
  "lockfileVersion": 1,
  "requires": true,
  "dependencies": {
    "fs": {
      "version": "0.0.1-security",
      "resolved": "https://registry.npmjs.org/fs/-/fs-0.0.1-security.tgz",
      "integrity": "sha1-invTcYa23d84E/I4WLV+yq9eQdQ="
    },
    "line-by-line": {
      "version": "0.1.6",
      "resolved": "https://registry.npmjs.org/line-by-line/-/line-by-line-0.1.6.tgz",
      "integrity": "sha512-MmwVPfOyp0lWnEZ3fBA8Ah4pMFvxO6WgWovqZNu7Y4J0TNnGcsV4S1LzECHbdgqk1hoHc2mFP1Axc37YUqwafg=="
    },
    "stopwatch-js": {
      "version": "0.0.1",
      "resolved": "https://registry.npmjs.org/stopwatch-js/-/stopwatch-js-0.0.1.tgz",
      "integrity": "sha1-8D3FxtPLiq6lGzOMELm2b0AkI7Y="
    }
  }
}
